
Microsoft Visual Studio Solution File, Format Version 12.00
# Visual Studio Version 16
VisualStudioVersion = 16.0.31729.503
MinimumVisualStudioVersion = 10.0.40219.1
Project("{FAE04EC0-301F-11D3-BF4B-00C04F79EFBC}") = "FileExplorerApp", "FileExplorerApp.csproj", "{D4D02F1C-3C8E-4261-90E7-939E71B0062C}"
EndProject
Global
	GlobalSection(SolutionConfigurationPlatforms) = preSolution
		Debug|Any CPU = Debug|Any CPU
		Release|Any CPU = Release|Any CPU
	EndGlobalSection
	GlobalSection(ProjectConfigurationPlatforms) = postSolution
		{D4D02F1C-3C8E-4261-90E7-939E71B0062C}.Debug|Any CPU.ActiveCfg = Debug|Any CPU
		{D4D02F1C-3C8E-4261-90E7-939E71B0062C}.Debug|Any CPU.Build.0 = Debug|Any CPU
		{D4D02F1C-3C8E-4261-90E7-939E71B0062C}.Release|Any CPU.ActiveCfg = Release|Any CPU
		{D4D02F1C-3C8E-4261-90E7-939E71B0062C}.Release|Any CPU.Build.0 = Release|Any CPU
	EndGlobalSection
	GlobalSection(SolutionProperties) = preSolution
		HideSolutionNode = FALSE
	EndGlobalSection
	GlobalSection(ExtensibilityGlobals) = postSolution
		SolutionGuid = {330A38CD-50D5-442E-A27B-DC96CF55074B}
	EndGlobalSection
EndGlobal
